
Microsoft Visual Studio Solution File, Format Version 12.00
# Visual Studio Version 16
VisualStudioVersion = 16.0.30523.141
MinimumVisualStudioVersion = 10.0.40219.1
Project("{FAE04EC0-301F-11D3-BF4B-00C04F79EFBC}") = "Ruleta_Api", "Ruleta_Api\Ruleta_Api.csproj", "{072E82D8-A38E-4BFA-A96E-EEF1C563222D}"
EndProject
Global
	GlobalSection(SolutionConfigurationPlatforms) = preSolution
		Debug|Any CPU = Debug|Any CPU
		Release|Any CPU = Release|Any CPU
	EndGlobalSection
	GlobalSection(ProjectConfigurationPlatforms) = postSolution
		{072E82D8-A38E-4BFA-A96E-EEF1C563222D}.Debug|Any CPU.ActiveCfg = Debug|Any CPU
		{072E82D8-A38E-4BFA-A96E-EEF1C563222D}.Debug|Any CPU.Build.0 = Debug|Any CPU
		{072E82D8-A38E-4BFA-A96E-EEF1C563222D}.Release|Any CPU.ActiveCfg = Release|Any CPU
		{072E82D8-A38E-4BFA-A96E-EEF1C563222D}.Release|Any CPU.Build.0 = Release|Any CPU
	EndGlobalSection
	GlobalSection(SolutionProperties) = preSolution
		HideSolutionNode = FALSE
	EndGlobalSection
	GlobalSection(ExtensibilityGlobals) = postSolution
		SolutionGuid = {6E136E9A-E560-4D7D-9619-677DB922E9E3}
	EndGlobalSection
EndGlobal
